
Microsoft Visual Studio Solution File, Format Version 12.00
# Visual Studio Version 17
VisualStudioVersion = 17.8.34511.84
MinimumVisualStudioVersion = 10.0.40219.1
Project("{FAE04EC0-301F-11D3-BF4B-00C04F79EFBC}") = "COMP003A.Assignment3", "COMP003A.Assignment3\COMP003A.Assignment3.csproj", "{20CC4CAB-59E3-4DF8-8F50-CBFC3F793994}"
EndProject
Global
	GlobalSection(SolutionConfigurationPlatforms) = preSolution
		Debug|Any CPU = Debug|Any CPU
		Release|Any CPU = Release|Any CPU
	EndGlobalSection
	GlobalSection(ProjectConfigurationPlatforms) = postSolution
		{20CC4CAB-59E3-4DF8-8F50-CBFC3F793994}.Debug|Any CPU.ActiveCfg = Debug|Any CPU
		{20CC4CAB-59E3-4DF8-8F50-CBFC3F793994}.Debug|Any CPU.Build.0 = Debug|Any CPU
		{20CC4CAB-59E3-4DF8-8F50-CBFC3F793994}.Release|Any CPU.ActiveCfg = Release|Any CPU
		{20CC4CAB-59E3-4DF8-8F50-CBFC3F793994}.Release|Any CPU.Build.0 = Release|Any CPU
	EndGlobalSection
	GlobalSection(SolutionProperties) = preSolution
		HideSolutionNode = FALSE
	EndGlobalSection
	GlobalSection(ExtensibilityGlobals) = postSolution
		SolutionGuid = {82BCAE99-6C43-4DC5-B2C6-9D8815592AF7}
	EndGlobalSection
EndGlobal
